// !$*UTF8*$!
{
	archiveVersion = 1;
	classes = {
	};
	objectVersion = 56;
	objects = {

/* Begin PBXBuildFile section */
		2240C49F2A672CB40016C7C1 /* DecodedData.swift in Sources */ = {isa = PBXBuildFile; fileRef = 2240C49E2A672CB40016C7C1 /* DecodedData.swift */; };
		2249765D2A67F59700948705 /* HeaderViewModel.swift in Sources */ = {isa = PBXBuildFile; fileRef = 2249765C2A67F59700948705 /* HeaderViewModel.swift */; };
		22D86E8B2A672720008D7745 /* HTTP_RequestsApp.swift in Sources */ = {isa = PBXBuildFile; fileRef = 22D86E8A2A672720008D7745 /* HTTP_RequestsApp.swift */; };
		22D86E8D2A672720008D7745 /* ContentView.swift in Sources */ = {isa = PBXBuildFile; fileRef = 22D86E8C2A672720008D7745 /* ContentView.swift */; };
		22D86E8F2A672722008D7745 /* Assets.xcassets in Resources */ = {isa = PBXBuildFile; fileRef = 22D86E8E2A672722008D7745 /* Assets.xcassets */; };
		22D86E922A672722008D7745 /* Preview Assets.xcassets in Resources */ = {isa = PBXBuildFile; fileRef = 22D86E912A672722008D7745 /* Preview Assets.xcassets */; };
		22D86E992A672739008D7745 /* NetworkController.swift in Sources */ = {isa = PBXBuildFile; fileRef = 22D86E982A672739008D7745 /* NetworkController.swift */; };
/* End PBXBuildFile section */

/* Begin PBXFileReference section */
		2240C49E2A672CB40016C7C1 /* DecodedData.swift */ = {isa = PBXFileReference; lastKnownFileType = sourcecode.swift; path = DecodedData.swift; sourceTree = "<group>"; };
		2249765C2A67F59700948705 /* HeaderViewModel.swift */ = {isa = PBXFileReference; lastKnownFileType = sourcecode.swift; path = HeaderViewModel.swift; sourceTree = "<group>"; };
		22D86E872A672720008D7745 /* HTTP Requests.app */ = {isa = PBXFileReference; explicitFileType = wrapper.application; includeInIndex = 0; path = "HTTP Requests.app"; sourceTree = BUILT_PRODUCTS_DIR; };
		22D86E8A2A672720008D7745 /* HTTP_RequestsApp.swift */ = {isa = PBXFileReference; lastKnownFileType = sourcecode.swift; path = HTTP_RequestsApp.swift; sourceTree = "<group>"; };
		22D86E8C2A672720008D7745 /* ContentView.swift */ = {isa = PBXFileReference; lastKnownFileType = sourcecode.swift; path = ContentView.swift; sourceTree = "<group>"; };
		22D86E8E2A672722008D7745 /* Assets.xcassets */ = {isa = PBXFileReference; lastKnownFileType = folder.assetcatalog; path = Assets.xcassets; sourceTree = "<group>"; };
		22D86E912A672722008D7745 /* Preview Assets.xcassets */ = {isa = PBXFileReference; lastKnownFileType = folder.assetcatalog; path = "Preview Assets.xcassets"; sourceTree = "<group>"; };
		22D86E982A672739008D7745 /* NetworkController.swift */ = {isa = PBXFileReference; lastKnownFileType = sourcecode.swift; path = NetworkController.swift; sourceTree = "<group>"; };
/* End PBXFileReference section */

/* Begin PBXFrameworksBuildPhase section */
		22D86E842A672720008D7745 /* Frameworks */ = {
			isa = PBXFrameworksBuildPhase;
			buildActionMask = 2147483647;
			files = (
			);
			runOnlyForDeploymentPostprocessing = 0;
		};
/* End PBXFrameworksBuildPhase section */

/* Begin PBXGroup section */
		224976572A67F54F00948705 /* View */ = {
			isa = PBXGroup;
			children = (
				22D86E8C2A672720008D7745 /* ContentView.swift */,
			);
			path = View;
			sourceTree = "<group>";
		};
		224976582A67F55300948705 /* Controller */ = {
			isa = PBXGroup;
			children = (
				22D86E982A672739008D7745 /* NetworkController.swift */,
			);
			path = Controller;
			sourceTree = "<group>";
		};
		224976592A67F56900948705 /* JSON Model */ = {
			isa = PBXGroup;
			children = (
				2240C49E2A672CB40016C7C1 /* DecodedData.swift */,
			);
			path = "JSON Model";
			sourceTree = "<group>";
		};
		2249765B2A67F57D00948705 /* ViewModel */ = {
			isa = PBXGroup;
			children = (
				2249765C2A67F59700948705 /* HeaderViewModel.swift */,
			);
			path = ViewModel;
			sourceTree = "<group>";
		};
		22D86E7E2A672720008D7745 = {
			isa = PBXGroup;
			children = (
				22D86E892A672720008D7745 /* HTTP Requests */,
				22D86E882A672720008D7745 /* Products */,
			);
			sourceTree = "<group>";
		};
		22D86E882A672720008D7745 /* Products */ = {
			isa = PBXGroup;
			children = (
				22D86E872A672720008D7745 /* HTTP Requests.app */,
			);
			name = Products;
			sourceTree = "<group>";
		};
		22D86E892A672720008D7745 /* HTTP Requests */ = {
			isa = PBXGroup;
			children = (
				22D86E8A2A672720008D7745 /* HTTP_RequestsApp.swift */,
				224976592A67F56900948705 /* JSON Model */,
				224976582A67F55300948705 /* Controller */,
				2249765B2A67F57D00948705 /* ViewModel */,
				224976572A67F54F00948705 /* View */,
				22D86E8E2A672722008D7745 /* Assets.xcassets */,
				22D86E902A672722008D7745 /* Preview Content */,
			);
			path = "HTTP Requests";
			sourceTree = "<group>";
		};
		22D86E902A672722008D7745 /* Preview Content */ = {
			isa = PBXGroup;
			children = (
				22D86E912A672722008D7745 /* Preview Assets.xcassets */,
			);
			path = "Preview Content";
			sourceTree = "<group>";
		};
/* End PBXGroup section */

/* Begin PBXNativeTarget section */
		22D86E862A672720008D7745 /* HTTP Requests */ = {
			isa = PBXNativeTarget;
			buildConfigurationList = 22D86E952A672722008D7745 /* Build configuration list for PBXNativeTarget "HTTP Requests" */;
			buildPhases = (
				22D86E832A672720008D7745 /* Sources */,
				22D86E842A672720008D7745 /* Frameworks */,
				22D86E852A672720008D7745 /* Resources */,
			);
			buildRules = (
			);
			dependencies = (
			);
			name = "HTTP Requests";
			productName = "HTTP Requests";
			productReference = 22D86E872A672720008D7745 /* HTTP Requests.app */;
			productType = "com.apple.product-type.application";
		};
/* End PBXNativeTarget section */

/* Begin PBXProject section */
		22D86E7F2A672720008D7745 /* Project object */ = {
			isa = PBXProject;
			attributes = {
				BuildIndependentTargetsInParallel = 1;
				LastSwiftUpdateCheck = 1430;
				LastUpgradeCheck = 1430;
				TargetAttributes = {
					22D86E862A672720008D7745 = {
						CreatedOnToolsVersion = 14.3.1;
					};
				};
			};
			buildConfigurationList = 22D86E822A672720008D7745 /* Build configuration list for PBXProject "HTTP Requests" */;
			compatibilityVersion = "Xcode 14.0";
			developmentRegion = en;
			hasScannedForEncodings = 0;
			knownRegions = (
				en,
				Base,
			);
			mainGroup = 22D86E7E2A672720008D7745;
			productRefGroup = 22D86E882A672720008D7745 /* Products */;
			projectDirPath = "";
			projectRoot = "";
			targets = (
				22D86E862A672720008D7745 /* HTTP Requests */,
			);
		};
/* End PBXProject section */

/* Begin PBXResourcesBuildPhase section */
		22D86E852A672720008D7745 /* Resources */ = {
			isa = PBXResourcesBuildPhase;
			buildActionMask = 2147483647;
			files = (
				22D86E922A672722008D7745 /* Preview Assets.xcassets in Resources */,
				22D86E8F2A672722008D7745 /* Assets.xcassets in Resources */,
			);
			runOnlyForDeploymentPostprocessing = 0;
		};
/* End PBXResourcesBuildPhase section */

/* Begin PBXSourcesBuildPhase section */
		22D86E832A672720008D7745 /* Sources */ = {
			isa = PBXSourcesBuildPhase;
			buildActionMask = 2147483647;
			files = (
				22D86E8D2A672720008D7745 /* ContentView.swift in Sources */,
				2249765D2A67F59700948705 /* HeaderViewModel.swift in Sources */,
				2240C49F2A672CB40016C7C1 /* DecodedData.swift in Sources */,
				22D86E8B2A672720008D7745 /* HTTP_RequestsApp.swift in Sources */,
				22D86E992A672739008D7745 /* NetworkController.swift in Sources */,
			);
			runOnlyForDeploymentPostprocessing = 0;
		};
/* End PBXSourcesBuildPhase section */

/* Begin XCBuildConfiguration section */
		22D86E932A672722008D7745 /* Debug */ = {
			isa = XCBuildConfiguration;
			buildSettings = {
				ALWAYS_SEARCH_USER_PATHS = NO;
				CLANG_ANALYZER_NONNULL = YES;
				CLANG_ANALYZER_NUMBER_OBJECT_CONVERSION = YES_AGGRESSIVE;
				CLANG_CXX_LANGUAGE_STANDARD = "gnu++20";
				CLANG_ENABLE_MODULES = YES;
				CLANG_ENABLE_OBJC_ARC = YES;
				CLANG_ENABLE_OBJC_WEAK = YES;
				CLANG_WARN_BLOCK_CAPTURE_AUTORELEASING = YES;
				CLANG_WARN_BOOL_CONVERSION = YES;
				CLANG_WARN_COMMA = YES;
				CLANG_WARN_CONSTANT_CONVERSION = YES;
				CLANG_WARN_DEPRECATED_OBJC_IMPLEMENTATIONS = YES;
				CLANG_WARN_DIRECT_OBJC_ISA_USAGE = YES_ERROR;
				CLANG_WARN_DOCUMENTATION_COMMENTS = YES;
				CLANG_WARN_EMPTY_BODY = YES;
				CLANG_WARN_ENUM_CONVERSION = YES;
				CLANG_WARN_INFINITE_RECURSION = YES;
				CLANG_WARN_INT_CONVERSION = YES;
				CLANG_WARN_NON_LITERAL_NULL_CONVERSION = YES;
				CLANG_WARN_OBJC_IMPLICIT_RETAIN_SELF = YES;
				CLANG_WARN_OBJC_LITERAL_CONVERSION = YES;
				CLANG_WARN_OBJC_ROOT_CLASS = YES_ERROR;
				CLANG_WARN_QUOTED_INCLUDE_IN_FRAMEWORK_HEADER = YES;
				CLANG_WARN_RANGE_LOOP_ANALYSIS = YES;
				CLANG_WARN_STRICT_PROTOTYPES = YES;
				CLANG_WARN_SUSPICIOUS_MOVE = YES;
				CLANG_WARN_UNGUARDED_AVAILABILITY = YES_AGGRESSIVE;
				CLANG_WARN_UNREACHABLE_CODE = YES;
				CLANG_WARN__DUPLICATE_METHOD_MATCH = YES;
				COPY_PHASE_STRIP = NO;
				DEBUG_INFORMATION_FORMAT = dwarf;
				ENABLE_STRICT_OBJC_MSGSEND = YES;
				ENABLE_TESTABILITY = YES;
				GCC_C_LANGUAGE_STANDARD = gnu11;
				GCC_DYNAMIC_NO_PIC = NO;
				GCC_NO_COMMON_BLOCKS = YES;
				GCC_OPTIMIZATION_LEVEL = 0;
				GCC_PREPROCESSOR_DEFINITIONS = (
					"DEBUG=1",
					"$(inherited)",
				);
				GCC_WARN_64_TO_32_BIT_CONVERSION = YES;
				GCC_WARN_ABOUT_RETURN_TYPE = YES_ERROR;
				GCC_WARN_UNDECLARED_SELECTOR = YES;
				GCC_WARN_UNINITIALIZED_AUTOS = YES_AGGRESSIVE;
				GCC_WARN_UNUSED_FUNCTION = YES;
				GCC_WARN_UNUSED_VARIABLE = YES;
				IPHONEOS_DEPLOYMENT_TARGET = 16.4;
				MTL_ENABLE_DEBUG_INFO = INCLUDE_SOURCE;
				MTL_FAST_MATH = YES;
				ONLY_ACTIVE_ARCH = YES;
				SDKROOT = iphoneos;
				SWIFT_ACTIVE_COMPILATION_CONDITIONS = DEBUG;
				SWIFT_OPTIMIZATION_LEVEL = "-Onone";
			};
			name = Debug;
		};
		22D86E942A672722008D7745 /* Release */ = {
			isa = XCBuildConfiguration;
			buildSettings = {
				ALWAYS_SEARCH_USER_PATHS = NO;
				CLANG_ANALYZER_NONNULL = YES;
				CLANG_ANALYZER_NUMBER_OBJECT_CONVERSION = YES_AGGRESSIVE;
				CLANG_CXX_LANGUAGE_STANDARD = "gnu++20";
				CLANG_ENABLE_MODULES = YES;
				CLANG_ENABLE_OBJC_ARC = YES;
				CLANG_ENABLE_OBJC_WEAK = YES;
				CLANG_WARN_BLOCK_CAPTURE_AUTORELEASING = YES;
				CLANG_WARN_BOOL_CONVERSION = YES;
				CLANG_WARN_COMMA = YES;
				CLANG_WARN_CONSTANT_CONVERSION = YES;
				CLANG_WARN_DEPRECATED_OBJC_IMPLEMENTATIONS = YES;
				CLANG_WARN_DIRECT_OBJC_ISA_USAGE = YES_ERROR;
				CLANG_WARN_DOCUMENTATION_COMMENTS = YES;
				CLANG_WARN_EMPTY_BODY = YES;
				CLANG_WARN_ENUM_CONVERSION = YES;
				CLANG_WARN_INFINITE_RECURSION = YES;
				CLANG_WARN_INT_CONVERSION = YES;
				CLANG_WARN_NON_LITERAL_NULL_CONVERSION = YES;
				CLANG_WARN_OBJC_IMPLICIT_RETAIN_SELF = YES;
				CLANG_WARN_OBJC_LITERAL_CONVERSION = YES;
				CLANG_WARN_OBJC_ROOT_CLASS = YES_ERROR;
				CLANG_WARN_QUOTED_INCLUDE_IN_FRAMEWORK_HEADER = YES;
				CLANG_WARN_RANGE_LOOP_ANALYSIS = YES;
				CLANG_WARN_STRICT_PROTOTYPES = YES;
				CLANG_WARN_SUSPICIOUS_MOVE = YES;
				CLANG_WARN_UNGUARDED_AVAILABILITY = YES_AGGRESSIVE;
				CLANG_WARN_UNREACHABLE_CODE = YES;
				CLANG_WARN__DUPLICATE_METHOD_MATCH = YES;
				COPY_PHASE_STRIP = NO;
				DEBUG_INFORMATION_FORMAT = "dwarf-with-dsym";
				ENABLE_NS_ASSERTIONS = NO;
				ENABLE_STRICT_OBJC_MSGSEND = YES;
				GCC_C_LANGUAGE_STANDARD = gnu11;
				GCC_NO_COMMON_BLOCKS = YES;
				GCC_WARN_64_TO_32_BIT_CONVERSION = YES;
				GCC_WARN_ABOUT_RETURN_TYPE = YES_ERROR;
				GCC_WARN_UNDECLARED_SELECTOR = YES;
				GCC_WARN_UNINITIALIZED_AUTOS = YES_AGGRESSIVE;
				GCC_WARN_UNUSED_FUNCTION = YES;
				GCC_WARN_UNUSED_VARIABLE = YES;
				IPHONEOS_DEPLOYMENT_TARGET = 16.4;
				MTL_ENABLE_DEBUG_INFO = NO;
				MTL_FAST_MATH = YES;
				SDKROOT = iphoneos;
				SWIFT_COMPILATION_MODE = wholemodule;
				SWIFT_OPTIMIZATION_LEVEL = "-O";
				VALIDATE_PRODUCT = YES;
			};
			name = Release;
		};
		22D86E962A672722008D7745 /* Debug */ = {
			isa = XCBuildConfiguration;
			buildSettings = {
				ASSETCATALOG_COMPILER_APPICON_NAME = AppIcon;
				ASSETCATALOG_COMPILER_GLOBAL_ACCENT_COLOR_NAME = AccentColor;
				CODE_SIGN_STYLE = Automatic;
				CURRENT_PROJECT_VERSION = 1;
				DEVELOPMENT_ASSET_PATHS = "\"HTTP Requests/Preview Content\"";
				DEVELOPMENT_TEAM = 38UA2XAHCC;
				ENABLE_PREVIEWS = YES;
				GENERATE_INFOPLIST_FILE = YES;
				INFOPLIST_KEY_UIApplicationSceneManifest_Generation = YES;
				INFOPLIST_KEY_UIApplicationSupportsIndirectInputEvents = YES;
				INFOPLIST_KEY_UILaunchScreen_Generation = YES;
				INFOPLIST_KEY_UISupportedInterfaceOrientations_iPad = "UIInterfaceOrientationPortrait UIInterfaceOrientationPortraitUpsideDown UIInterfaceOrientationLandscapeLeft UIInterfaceOrientationLandscapeRight";
				INFOPLIST_KEY_UISupportedInterfaceOrientations_iPhone = "UIInterfaceOrientationPortrait UIInterfaceOrientationLandscapeLeft UIInterfaceOrientationLandscapeRight";
				LD_RUNPATH_SEARCH_PATHS = (
					"$(inherited)",
					"@executable_path/Frameworks",
				);
				MARKETING_VERSION = 1.0;
				PRODUCT_BUNDLE_IDENTIFIER = "com.kokmarok.FlashCards.HTTP-Requests";
				PRODUCT_NAME = "$(TARGET_NAME)";
				SWIFT_EMIT_LOC_STRINGS = YES;
				SWIFT_VERSION = 5.0;
				TARGETED_DEVICE_FAMILY = "1,2";
			};
			name = Debug;
		};
		22D86E972A672722008D7745 /* Release */ = {
			isa = XCBuildConfiguration;
			buildSettings = {
				ASSETCATALOG_COMPILER_APPICON_NAME = AppIcon;
				ASSETCATALOG_COMPILER_GLOBAL_ACCENT_COLOR_NAME = AccentColor;
				CODE_SIGN_STYLE = Automatic;
				CURRENT_PROJECT_VERSION = 1;
				DEVELOPMENT_ASSET_PATHS = "\"HTTP Requests/Preview Content\"";
				DEVELOPMENT_TEAM = 38UA2XAHCC;
				ENABLE_PREVIEWS = YES;
				GENERATE_INFOPLIST_FILE = YES;
				INFOPLIST_KEY_UIApplicationSceneManifest_Generation = YES;
				INFOPLIST_KEY_UIApplicationSupportsIndirectInputEvents = YES;
				INFOPLIST_KEY_UILaunchScreen_Generation = YES;
				INFOPLIST_KEY_UISupportedInterfaceOrientations_iPad = "UIInterfaceOrientationPortrait UIInterfaceOrientationPortraitUpsideDown UIInterfaceOrientationLandscapeLeft UIInterfaceOrientationLandscapeRight";
				INFOPLIST_KEY_UISupportedInterfaceOrientations_iPhone = "UIInterfaceOrientationPortrait UIInterfaceOrientationLandscapeLeft UIInterfaceOrientationLandscapeRight";
				LD_RUNPATH_SEARCH_PATHS = (
					"$(inherited)",
					"@executable_path/Frameworks",
				);
				MARKETING_VERSION = 1.0;
				PRODUCT_BUNDLE_IDENTIFIER = "com.kokmarok.FlashCards.HTTP-Requests";
				PRODUCT_NAME = "$(TARGET_NAME)";
				SWIFT_EMIT_LOC_STRINGS = YES;
				SWIFT_VERSION = 5.0;
				TARGETED_DEVICE_FAMILY = "1,2";
			};
			name = Release;
		};
/* End XCBuildConfiguration section */

/* Begin XCConfigurationList section */
		22D86E822A672720008D7745 /* Build configuration list for PBXProject "HTTP Requests" */ = {
			isa = XCConfigurationList;
			buildConfigurations = (
				22D86E932A672722008D7745 /* Debug */,
				22D86E942A672722008D7745 /* Release */,
			);
			defaultConfigurationIsVisible = 0;
			defaultConfigurationName = Release;
		};
		22D86E952A672722008D7745 /* Build configuration list for PBXNativeTarget "HTTP Requests" */ = {
			isa = XCConfigurationList;
			buildConfigurations = (
				22D86E962A672722008D7745 /* Debug */,
				22D86E972A672722008D7745 /* Release */,
			);
			defaultConfigurationIsVisible = 0;
			defaultConfigurationName = Release;
		};
/* End XCConfigurationList section */
	};
	rootObject = 22D86E7F2A672720008D7745 /* Project object */;
}
